// !$*UTF8*$!
{
	archiveVersion = 1;
	classes = {
	};
	objectVersion = 46;
	objects = {

/* Begin PBXBuildFile section */
		4142F41D1E8CA22900F83C73 /* main.m in Sources */ = {isa = PBXBuildFile; fileRef = 4142F41C1E8CA22900F83C73 /* main.m */; };
		4142F4201E8CA22900F83C73 /* AppDelegate.m in Sources */ = {isa = PBXBuildFile; fileRef = 4142F41F1E8CA22900F83C73 /* AppDelegate.m */; };
		4142F4231E8CA22900F83C73 /* ViewController.m in Sources */ = {isa = PBXBuildFile; fileRef = 4142F4221E8CA22900F83C73 /* ViewController.m */; };
		4142F4261E8CA22900F83C73 /* Main.storyboard in Resources */ = {isa = PBXBuildFile; fileRef = 4142F4241E8CA22900F83C73 /* Main.storyboard */; };
		4142F4281E8CA22900F83C73 /* Assets.xcassets in Resources */ = {isa = PBXBuildFile; fileRef = 4142F4271E8CA22900F83C73 /* Assets.xcassets */; };
		4142F42B1E8CA22900F83C73 /* LaunchScreen.storyboard in Resources */ = {isa = PBXBuildFile; fileRef = 4142F4291E8CA22900F83C73 /* LaunchScreen.storyboard */; };
		4142F4361E8CA22900F83C73 /* opencvTests.m in Sources */ = {isa = PBXBuildFile; fileRef = 4142F4351E8CA22900F83C73 /* opencvTests.m */; };
/* End PBXBuildFile section */

/* Begin PBXContainerItemProxy section */
		4142F4321E8CA22900F83C73 /* PBXContainerItemProxy */ = {
			isa = PBXContainerItemProxy;
			containerPortal = 4142F4101E8CA22900F83C73 /* Project object */;
			proxyType = 1;
			remoteGlobalIDString = 4142F4171E8CA22900F83C73;
			remoteInfo = opencv;
		};
/* End PBXContainerItemProxy section */

/* Begin PBXFileReference section */
		4142F4181E8CA22900F83C73 /* opencv.app */ = {isa = PBXFileReference; explicitFileType = wrapper.application; includeInIndex = 0; path = opencv.app; sourceTree = BUILT_PRODUCTS_DIR; };
		4142F41C1E8CA22900F83C73 /* main.m */ = {isa = PBXFileReference; lastKnownFileType = sourcecode.c.objc; path = main.m; sourceTree = "<group>"; };
		4142F41E1E8CA22900F83C73 /* AppDelegate.h */ = {isa = PBXFileReference; lastKnownFileType = sourcecode.c.h; path = AppDelegate.h; sourceTree = "<group>"; };
		4142F41F1E8CA22900F83C73 /* AppDelegate.m */ = {isa = PBXFileReference; lastKnownFileType = sourcecode.c.objc; path = AppDelegate.m; sourceTree = "<group>"; };
		4142F4211E8CA22900F83C73 /* ViewController.h */ = {isa = PBXFileReference; lastKnownFileType = sourcecode.c.h; path = ViewController.h; sourceTree = "<group>"; };
		4142F4221E8CA22900F83C73 /* ViewController.m */ = {isa = PBXFileReference; lastKnownFileType = sourcecode.c.objc; path = ViewController.m; sourceTree = "<group>"; };
		4142F4251E8CA22900F83C73 /* Base */ = {isa = PBXFileReference; lastKnownFileType = file.storyboard; name = Base; path = Base.lproj/Main.storyboard; sourceTree = "<group>"; };
		4142F4271E8CA22900F83C73 /* Assets.xcassets */ = {isa = PBXFileReference; lastKnownFileType = folder.assetcatalog; path = Assets.xcassets; sourceTree = "<group>"; };
		4142F42A1E8CA22900F83C73 /* Base */ = {isa = PBXFileReference; lastKnownFileType = file.storyboard; name = Base; path = Base.lproj/LaunchScreen.storyboard; sourceTree = "<group>"; };
		4142F42C1E8CA22900F83C73 /* Info.plist */ = {isa = PBXFileReference; lastKnownFileType = text.plist.xml; path = Info.plist; sourceTree = "<group>"; };
		4142F4311E8CA22900F83C73 /* opencvTests.xctest */ = {isa = PBXFileReference; explicitFileType = wrapper.cfbundle; includeInIndex = 0; path = opencvTests.xctest; sourceTree = BUILT_PRODUCTS_DIR; };
		4142F4351E8CA22900F83C73 /* opencvTests.m */ = {isa = PBXFileReference; lastKnownFileType = sourcecode.c.objc; path = opencvTests.m; sourceTree = "<group>"; };
		4142F4371E8CA22900F83C73 /* Info.plist */ = {isa = PBXFileReference; lastKnownFileType = text.plist.xml; path = Info.plist; sourceTree = "<group>"; };
/* End PBXFileReference section */

/* Begin PBXFrameworksBuildPhase section */
		4142F4151E8CA22900F83C73 /* Frameworks */ = {
			isa = PBXFrameworksBuildPhase;
			buildActionMask = 2147483647;
			files = (
			);
			runOnlyForDeploymentPostprocessing = 0;
		};
		4142F42E1E8CA22900F83C73 /* Frameworks */ = {
			isa = PBXFrameworksBuildPhase;
			buildActionMask = 2147483647;
			files = (
			);
			runOnlyForDeploymentPostprocessing = 0;
		};
/* End PBXFrameworksBuildPhase section */

/* Begin PBXGroup section */
		4142F40F1E8CA22900F83C73 = {
			isa = PBXGroup;
			children = (
				4142F41A1E8CA22900F83C73 /* opencv */,
				4142F4341E8CA22900F83C73 /* opencvTests */,
				4142F4191E8CA22900F83C73 /* Products */,
			);
			sourceTree = "<group>";
		};
		4142F4191E8CA22900F83C73 /* Products */ = {
			isa = PBXGroup;
			children = (
				4142F4181E8CA22900F83C73 /* opencv.app */,
				4142F4311E8CA22900F83C73 /* opencvTests.xctest */,
			);
			name = Products;
			sourceTree = "<group>";
		};
		4142F41A1E8CA22900F83C73 /* opencv */ = {
			isa = PBXGroup;
			children = (
				4142F41E1E8CA22900F83C73 /* AppDelegate.h */,
				4142F41F1E8CA22900F83C73 /* AppDelegate.m */,
				4142F4211E8CA22900F83C73 /* ViewController.h */,
				4142F4221E8CA22900F83C73 /* ViewController.m */,
				4142F4241E8CA22900F83C73 /* Main.storyboard */,
				4142F4271E8CA22900F83C73 /* Assets.xcassets */,
				4142F4291E8CA22900F83C73 /* LaunchScreen.storyboard */,
				4142F42C1E8CA22900F83C73 /* Info.plist */,
				4142F41B1E8CA22900F83C73 /* Supporting Files */,
			);
			path = opencv;
			sourceTree = "<group>";
		};
		4142F41B1E8CA22900F83C73 /* Supporting Files */ = {
			isa = PBXGroup;
			children = (
				4142F41C1E8CA22900F83C73 /* main.m */,
			);
			name = "Supporting Files";
			sourceTree = "<group>";
		};
		4142F4341E8CA22900F83C73 /* opencvTests */ = {
			isa = PBXGroup;
			children = (
				4142F4351E8CA22900F83C73 /* opencvTests.m */,
				4142F4371E8CA22900F83C73 /* Info.plist */,
			);
			path = opencvTests;
			sourceTree = "<group>";
		};
/* End PBXGroup section */

/* Begin PBXNativeTarget section */
		4142F4171E8CA22900F83C73 /* opencv */ = {
			isa = PBXNativeTarget;
			buildConfigurationList = 4142F43A1E8CA22900F83C73 /* Build configuration list for PBXNativeTarget "opencv" */;
			buildPhases = (
				4142F4141E8CA22900F83C73 /* Sources */,
				4142F4151E8CA22900F83C73 /* Frameworks */,
				4142F4161E8CA22900F83C73 /* Resources */,
			);
			buildRules = (
			);
			dependencies = (
			);
			name = opencv;
			productName = opencv;
			productReference = 4142F4181E8CA22900F83C73 /* opencv.app */;
			productType = "com.apple.product-type.application";
		};
		4142F4301E8CA22900F83C73 /* opencvTests */ = {
			isa = PBXNativeTarget;
			buildConfigurationList = 4142F43D1E8CA22900F83C73 /* Build configuration list for PBXNativeTarget "opencvTests" */;
			buildPhases = (
				4142F42D1E8CA22900F83C73 /* Sources */,
				4142F42E1E8CA22900F83C73 /* Frameworks */,
				4142F42F1E8CA22900F83C73 /* Resources */,
			);
			buildRules = (
			);
			dependencies = (
				4142F4331E8CA22900F83C73 /* PBXTargetDependency */,
			);
			name = opencvTests;
			productName = opencvTests;
			productReference = 4142F4311E8CA22900F83C73 /* opencvTests.xctest */;
			productType = "com.apple.product-type.bundle.unit-test";
		};
/* End PBXNativeTarget section */

/* Begin PBXProject section */
		4142F4101E8CA22900F83C73 /* Project object */ = {
			isa = PBXProject;
			attributes = {
				LastUpgradeCheck = 0820;
				ORGANIZATIONNAME = mechatronics;
				TargetAttributes = {
					4142F4171E8CA22900F83C73 = {
						CreatedOnToolsVersion = 8.2;
						ProvisioningStyle = Automatic;
					};
					4142F4301E8CA22900F83C73 = {
						CreatedOnToolsVersion = 8.2;
						ProvisioningStyle = Automatic;
						TestTargetID = 4142F4171E8CA22900F83C73;
					};
				};
			};
			buildConfigurationList = 4142F4131E8CA22900F83C73 /* Build configuration list for PBXProject "opencv" */;
			compatibilityVersion = "Xcode 3.2";
			developmentRegion = English;
			hasScannedForEncodings = 0;
			knownRegions = (
				en,
				Base,
			);
			mainGroup = 4142F40F1E8CA22900F83C73;
			productRefGroup = 4142F4191E8CA22900F83C73 /* Products */;
			projectDirPath = "";
			projectRoot = "";
			targets = (
				4142F4171E8CA22900F83C73 /* opencv */,
				4142F4301E8CA22900F83C73 /* opencvTests */,
			);
		};
/* End PBXProject section */

/* Begin PBXResourcesBuildPhase section */
		4142F4161E8CA22900F83C73 /* Resources */ = {
			isa = PBXResourcesBuildPhase;
			buildActionMask = 2147483647;
			files = (
				4142F42B1E8CA22900F83C73 /* LaunchScreen.storyboard in Resources */,
				4142F4281E8CA22900F83C73 /* Assets.xcassets in Resources */,
				4142F4261E8CA22900F83C73 /* Main.storyboard in Resources */,
			);
			runOnlyForDeploymentPostprocessing = 0;
		};
		4142F42F1E8CA22900F83C73 /* Resources */ = {
			isa = PBXResourcesBuildPhase;
			buildActionMask = 2147483647;
			files = (
			);
			runOnlyForDeploymentPostprocessing = 0;
		};
/* End PBXResourcesBuildPhase section */

/* Begin PBXSourcesBuildPhase section */
		4142F4141E8CA22900F83C73 /* Sources */ = {
			isa = PBXSourcesBuildPhase;
			buildActionMask = 2147483647;
			files = (
				4142F4231E8CA22900F83C73 /* ViewController.m in Sources */,
				4142F4201E8CA22900F83C73 /* AppDelegate.m in Sources */,
				4142F41D1E8CA22900F83C73 /* main.m in Sources */,
			);
			runOnlyForDeploymentPostprocessing = 0;
		};
		4142F42D1E8CA22900F83C73 /* Sources */ = {
			isa = PBXSourcesBuildPhase;
			buildActionMask = 2147483647;
			files = (
				4142F4361E8CA22900F83C73 /* opencvTests.m in Sources */,
			);
			runOnlyForDeploymentPostprocessing = 0;
		};
/* End PBXSourcesBuildPhase section */

/* Begin PBXTargetDependency section */
		4142F4331E8CA22900F83C73 /* PBXTargetDependency */ = {
			isa = PBXTargetDependency;
			target = 4142F4171E8CA22900F83C73 /* opencv */;
			targetProxy = 4142F4321E8CA22900F83C73 /* PBXContainerItemProxy */;
		};
/* End PBXTargetDependency section */

/* Begin PBXVariantGroup section */
		4142F4241E8CA22900F83C73 /* Main.storyboard */ = {
			isa = PBXVariantGroup;
			children = (
				4142F4251E8CA22900F83C73 /* Base */,
			);
			name = Main.storyboard;
			sourceTree = "<group>";
		};
		4142F4291E8CA22900F83C73 /* LaunchScreen.storyboard */ = {
			isa = PBXVariantGroup;
			children = (
				4142F42A1E8CA22900F83C73 /* Base */,
			);
			name = LaunchScreen.storyboard;
			sourceTree = "<group>";
		};
/* End PBXVariantGroup section */

/* Begin XCBuildConfiguration section */
		4142F4381E8CA22900F83C73 /* Debug */ = {
			isa = XCBuildConfiguration;
			buildSettings = {
				ALWAYS_SEARCH_USER_PATHS = NO;
				CLANG_ANALYZER_NONNULL = YES;
				CLANG_CXX_LANGUAGE_STANDARD = "gnu++0x";
				CLANG_CXX_LIBRARY = "libc++";
				CLANG_ENABLE_MODULES = YES;
				CLANG_ENABLE_OBJC_ARC = YES;
				CLANG_WARN_BOOL_CONVERSION = YES;
				CLANG_WARN_CONSTANT_CONVERSION = YES;
				CLANG_WARN_DIRECT_OBJC_ISA_USAGE = YES_ERROR;
				CLANG_WARN_DOCUMENTATION_COMMENTS = YES;
				CLANG_WARN_EMPTY_BODY = YES;
				CLANG_WARN_ENUM_CONVERSION = YES;
				CLANG_WARN_INFINITE_RECURSION = YES;
				CLANG_WARN_INT_CONVERSION = YES;
				CLANG_WARN_OBJC_ROOT_CLASS = YES_ERROR;
				CLANG_WARN_SUSPICIOUS_MOVE = YES;
				CLANG_WARN_UNREACHABLE_CODE = YES;
				CLANG_WARN__DUPLICATE_METHOD_MATCH = YES;
				"CODE_SIGN_IDENTITY[sdk=iphoneos*]" = "iPhone Developer";
				COPY_PHASE_STRIP = NO;
				DEBUG_INFORMATION_FORMAT = dwarf;
				ENABLE_STRICT_OBJC_MSGSEND = YES;
				ENABLE_TESTABILITY = YES;
				GCC_C_LANGUAGE_STANDARD = gnu99;
				GCC_DYNAMIC_NO_PIC = NO;
				GCC_NO_COMMON_BLOCKS = YES;
				GCC_OPTIMIZATION_LEVEL = 0;
				GCC_PREPROCESSOR_DEFINITIONS = (
					"DEBUG=1",
					"$(inherited)",
				);
				GCC_WARN_64_TO_32_BIT_CONVERSION = YES;
				GCC_WARN_ABOUT_RETURN_TYPE = YES_ERROR;
				GCC_WARN_UNDECLARED_SELECTOR = YES;
				GCC_WARN_UNINITIALIZED_AUTOS = YES_AGGRESSIVE;
				GCC_WARN_UNUSED_FUNCTION = YES;
				GCC_WARN_UNUSED_VARIABLE = YES;
				IPHONEOS_DEPLOYMENT_TARGET = 10.2;
				MTL_ENABLE_DEBUG_INFO = YES;
				ONLY_ACTIVE_ARCH = YES;
				SDKROOT = iphoneos;
			};
			name = Debug;
		};
		4142F4391E8CA22900F83C73 /* Release */ = {
			isa = XCBuildConfiguration;
			buildSettings = {
				ALWAYS_SEARCH_USER_PATHS = NO;
				CLANG_ANALYZER_NONNULL = YES;
				CLANG_CXX_LANGUAGE_STANDARD = "gnu++0x";
				CLANG_CXX_LIBRARY = "libc++";
				CLANG_ENABLE_MODULES = YES;
				CLANG_ENABLE_OBJC_ARC = YES;
				CLANG_WARN_BOOL_CONVERSION = YES;
				CLANG_WARN_CONSTANT_CONVERSION = YES;
				CLANG_WARN_DIRECT_OBJC_ISA_USAGE = YES_ERROR;
				CLANG_WARN_DOCUMENTATION_COMMENTS = YES;
				CLANG_WARN_EMPTY_BODY = YES;
				CLANG_WARN_ENUM_CONVERSION = YES;
				CLANG_WARN_INFINITE_RECURSION = YES;
				CLANG_WARN_INT_CONVERSION = YES;
				CLANG_WARN_OBJC_ROOT_CLASS = YES_ERROR;
				CLANG_WARN_SUSPICIOUS_MOVE = YES;
				CLANG_WARN_UNREACHABLE_CODE = YES;
				CLANG_WARN__DUPLICATE_METHOD_MATCH = YES;
				"CODE_SIGN_IDENTITY[sdk=iphoneos*]" = "iPhone Developer";
				COPY_PHASE_STRIP = NO;
				DEBUG_INFORMATION_FORMAT = "dwarf-with-dsym";
				ENABLE_NS_ASSERTIONS = NO;
				ENABLE_STRICT_OBJC_MSGSEND = YES;
				GCC_C_LANGUAGE_STANDARD = gnu99;
				GCC_NO_COMMON_BLOCKS = YES;
				GCC_WARN_64_TO_32_BIT_CONVERSION = YES;
				GCC_WARN_ABOUT_RETURN_TYPE = YES_ERROR;
				GCC_WARN_UNDECLARED_SELECTOR = YES;
				GCC_WARN_UNINITIALIZED_AUTOS = YES_AGGRESSIVE;
				GCC_WARN_UNUSED_FUNCTION = YES;
				GCC_WARN_UNUSED_VARIABLE = YES;
				IPHONEOS_DEPLOYMENT_TARGET = 10.2;
				MTL_ENABLE_DEBUG_INFO = NO;
				SDKROOT = iphoneos;
				VALIDATE_PRODUCT = YES;
			};
			name = Release;
		};
		4142F43B1E8CA22900F83C73 /* Debug */ = {
			isa = XCBuildConfiguration;
			buildSettings = {
				ASSETCATALOG_COMPILER_APPICON_NAME = AppIcon;
				INFOPLIST_FILE = opencv/Info.plist;
				LD_RUNPATH_SEARCH_PATHS = "$(inherited) @executable_path/Frameworks";
				PRODUCT_BUNDLE_IDENTIFIER = mechatronics.opencv;
				PRODUCT_NAME = "$(TARGET_NAME)";
			};
			name = Debug;
		};
		4142F43C1E8CA22900F83C73 /* Release */ = {
			isa = XCBuildConfiguration;
			buildSettings = {
				ASSETCATALOG_COMPILER_APPICON_NAME = AppIcon;
				INFOPLIST_FILE = opencv/Info.plist;
				LD_RUNPATH_SEARCH_PATHS = "$(inherited) @executable_path/Frameworks";
				PRODUCT_BUNDLE_IDENTIFIER = mechatronics.opencv;
				PRODUCT_NAME = "$(TARGET_NAME)";
			};
			name = Release;
		};
		4142F43E1E8CA22900F83C73 /* Debug */ = {
			isa = XCBuildConfiguration;
			buildSettings = {
				BUNDLE_LOADER = "$(TEST_HOST)";
				INFOPLIST_FILE = opencvTests/Info.plist;
				LD_RUNPATH_SEARCH_PATHS = "$(inherited) @executable_path/Frameworks @loader_path/Frameworks";
				PRODUCT_BUNDLE_IDENTIFIER = mechatronics.opencvTests;
				PRODUCT_NAME = "$(TARGET_NAME)";
				TEST_HOST = "$(BUILT_PRODUCTS_DIR)/opencv.app/opencv";
			};
			name = Debug;
		};
		4142F43F1E8CA22900F83C73 /* Release */ = {
			isa = XCBuildConfiguration;
			buildSettings = {
				BUNDLE_LOADER = "$(TEST_HOST)";
				INFOPLIST_FILE = opencvTests/Info.plist;
				LD_RUNPATH_SEARCH_PATHS = "$(inherited) @executable_path/Frameworks @loader_path/Frameworks";
				PRODUCT_BUNDLE_IDENTIFIER = mechatronics.opencvTests;
				PRODUCT_NAME = "$(TARGET_NAME)";
				TEST_HOST = "$(BUILT_PRODUCTS_DIR)/opencv.app/opencv";
			};
			name = Release;
		};
/* End XCBuildConfiguration section */

/* Begin XCConfigurationList section */
		4142F4131E8CA22900F83C73 /* Build configuration list for PBXProject "opencv" */ = {
			isa = XCConfigurationList;
			buildConfigurations = (
				4142F4381E8CA22900F83C73 /* Debug */,
				4142F4391E8CA22900F83C73 /* Release */,
			);
			defaultConfigurationIsVisible = 0;
			defaultConfigurationName = Release;
		};
		4142F43A1E8CA22900F83C73 /* Build configuration list for PBXNativeTarget "opencv" */ = {
			isa = XCConfigurationList;
			buildConfigurations = (
				4142F43B1E8CA22900F83C73 /* Debug */,
				4142F43C1E8CA22900F83C73 /* Release */,
			);
			defaultConfigurationIsVisible = 0;
		};
		4142F43D1E8CA22900F83C73 /* Build configuration list for PBXNativeTarget "opencvTests" */ = {
			isa = XCConfigurationList;
			buildConfigurations = (
				4142F43E1E8CA22900F83C73 /* Debug */,
				4142F43F1E8CA22900F83C73 /* Release */,
			);
			defaultConfigurationIsVisible = 0;
		};
/* End XCConfigurationList section */
	};
	rootObject = 4142F4101E8CA22900F83C73 /* Project object */;
}
